
Microsoft Visual Studio Solution File, Format Version 12.00
# Visual Studio Version 17
VisualStudioVersion = 17.5.33516.290
MinimumVisualStudioVersion = 10.0.40219.1
Project("{FAE04EC0-301F-11D3-BF4B-00C04F79EFBC}") = "UsuariosApp.API", "UsuariosApp.API\UsuariosApp.API.csproj", "{B2D4B009-3977-4746-8B14-77B303FCC3FB}"
EndProject
Global
	GlobalSection(SolutionConfigurationPlatforms) = preSolution
		Debug|Any CPU = Debug|Any CPU
		Release|Any CPU = Release|Any CPU
	EndGlobalSection
	GlobalSection(ProjectConfigurationPlatforms) = postSolution
		{B2D4B009-3977-4746-8B14-77B303FCC3FB}.Debug|Any CPU.ActiveCfg = Debug|Any CPU
		{B2D4B009-3977-4746-8B14-77B303FCC3FB}.Debug|Any CPU.Build.0 = Debug|Any CPU
		{B2D4B009-3977-4746-8B14-77B303FCC3FB}.Release|Any CPU.ActiveCfg = Release|Any CPU
		{B2D4B009-3977-4746-8B14-77B303FCC3FB}.Release|Any CPU.Build.0 = Release|Any CPU
	EndGlobalSection
	GlobalSection(SolutionProperties) = preSolution
		HideSolutionNode = FALSE
	EndGlobalSection
	GlobalSection(ExtensibilityGlobals) = postSolution
		SolutionGuid = {A4419BEC-BEC7-4310-AA64-100A0FC25E61}
	EndGlobalSection
EndGlobal
